
Microsoft Visual Studio Solution File, Format Version 12.00
# Visual Studio Version 17
VisualStudioVersion = 17.5.002.0
MinimumVisualStudioVersion = 10.0.40219.1
Project("{9A19103F-16F7-4668-BE54-9A1E7A4F7556}") = "sk-chatgpt-azure-function", "azure-function\sk-chatgpt-azure-function.csproj", "{48A98E8A-C025-4A1D-B614-933F1105B1D6}"
EndProject
Project("{9A19103F-16F7-4668-BE54-9A1E7A4F7556}") = "semantic-functions-generator", "semantic-functions-generator\semantic-functions-generator.csproj", "{B68EA650-D1FB-44C7-8C27-23E9492C2FAA}"
EndProject
Global
	GlobalSection(SolutionConfigurationPlatforms) = preSolution
		Debug|Any CPU = Debug|Any CPU
		Release|Any CPU = Release|Any CPU
	EndGlobalSection
	GlobalSection(ProjectConfigurationPlatforms) = postSolution
		{48A98E8A-C025-4A1D-B614-933F1105B1D6}.Debug|Any CPU.ActiveCfg = Debug|Any CPU
		{48A98E8A-C025-4A1D-B614-933F1105B1D6}.Debug|Any CPU.Build.0 = Debug|Any CPU
		{48A98E8A-C025-4A1D-B614-933F1105B1D6}.Release|Any CPU.ActiveCfg = Release|Any CPU
		{48A98E8A-C025-4A1D-B614-933F1105B1D6}.Release|Any CPU.Build.0 = Release|Any CPU
		{B68EA650-D1FB-44C7-8C27-23E9492C2FAA}.Debug|Any CPU.ActiveCfg = Debug|Any CPU
		{B68EA650-D1FB-44C7-8C27-23E9492C2FAA}.Debug|Any CPU.Build.0 = Debug|Any CPU
		{B68EA650-D1FB-44C7-8C27-23E9492C2FAA}.Release|Any CPU.ActiveCfg = Release|Any CPU
		{B68EA650-D1FB-44C7-8C27-23E9492C2FAA}.Release|Any CPU.Build.0 = Release|Any CPU
	EndGlobalSection
	GlobalSection(SolutionProperties) = preSolution
		HideSolutionNode = FALSE
	EndGlobalSection
	GlobalSection(ExtensibilityGlobals) = postSolution
		SolutionGuid = {AFF75718-8374-4DF7-B4F0-9FFE5986BFD9}
	EndGlobalSection
EndGlobal
